
Microsoft Visual Studio Solution File, Format Version 12.00
# Visual Studio 15
Project("{FAE04EC0-301F-11D3-BF4B-00C04F79EFBC}") = "Assembly-CSharp", "Assembly-CSharp.csproj", "{3F806C4F-1AE2-0107-8D7A-A4ED8EDE1A7C}"
EndProject
Project("{FAE04EC0-301F-11D3-BF4B-00C04F79EFBC}") = "Assembly-CSharp-Editor", "Assembly-CSharp-Editor.csproj", "{D73B447B-3ED5-CD49-4EAF-1157B747A0BB}"
EndProject
Global
	GlobalSection(SolutionConfigurationPlatforms) = preSolution
		Debug|Any CPU = Debug|Any CPU
		Release|Any CPU = Release|Any CPU
	EndGlobalSection
	GlobalSection(ProjectConfigurationPlatforms) = postSolution
		{3F806C4F-1AE2-0107-8D7A-A4ED8EDE1A7C}.Debug|Any CPU.ActiveCfg = Debug|Any CPU
		{3F806C4F-1AE2-0107-8D7A-A4ED8EDE1A7C}.Debug|Any CPU.Build.0 = Debug|Any CPU
		{3F806C4F-1AE2-0107-8D7A-A4ED8EDE1A7C}.Release|Any CPU.ActiveCfg = Release|Any CPU
		{3F806C4F-1AE2-0107-8D7A-A4ED8EDE1A7C}.Release|Any CPU.Build.0 = Release|Any CPU
		{D73B447B-3ED5-CD49-4EAF-1157B747A0BB}.Debug|Any CPU.ActiveCfg = Debug|Any CPU
		{D73B447B-3ED5-CD49-4EAF-1157B747A0BB}.Debug|Any CPU.Build.0 = Debug|Any CPU
		{D73B447B-3ED5-CD49-4EAF-1157B747A0BB}.Release|Any CPU.ActiveCfg = Release|Any CPU
		{D73B447B-3ED5-CD49-4EAF-1157B747A0BB}.Release|Any CPU.Build.0 = Release|Any CPU
	EndGlobalSection
	GlobalSection(SolutionProperties) = preSolution
		HideSolutionNode = FALSE
	EndGlobalSection
	GlobalSection(MonoDevelopProperties) = preSolution
		StartupItem = Assembly-CSharp.csproj
	EndGlobalSection
EndGlobal
