
Microsoft Visual Studio Solution File, Format Version 12.00
# Visual Studio Version 16
VisualStudioVersion = 16.0.31624.102
MinimumVisualStudioVersion = 10.0.40219.1
Project("{FAE04EC0-301F-11D3-BF4B-00C04F79EFBC}") = "GameServer", "GameServer.csproj", "{0A07B520-7450-4E6D-ABFC-ACC94835F491}"
EndProject
Global
	GlobalSection(SolutionConfigurationPlatforms) = preSolution
		Debug|Any CPU = Debug|Any CPU
		Release|Any CPU = Release|Any CPU
	EndGlobalSection
	GlobalSection(ProjectConfigurationPlatforms) = postSolution
		{0A07B520-7450-4E6D-ABFC-ACC94835F491}.Debug|Any CPU.ActiveCfg = Debug|Any CPU
		{0A07B520-7450-4E6D-ABFC-ACC94835F491}.Debug|Any CPU.Build.0 = Debug|Any CPU
		{0A07B520-7450-4E6D-ABFC-ACC94835F491}.Release|Any CPU.ActiveCfg = Release|Any CPU
		{0A07B520-7450-4E6D-ABFC-ACC94835F491}.Release|Any CPU.Build.0 = Release|Any CPU
	EndGlobalSection
	GlobalSection(SolutionProperties) = preSolution
		HideSolutionNode = FALSE
	EndGlobalSection
	GlobalSection(ExtensibilityGlobals) = postSolution
		SolutionGuid = {B2F45C4A-102E-447A-910C-5638B62CA1B9}
	EndGlobalSection
EndGlobal
